
Microsoft Visual Studio Solution File, Format Version 12.00
# Visual Studio Version 17
VisualStudioVersion = 17.2.32602.215
MinimumVisualStudioVersion = 10.0.40219.1
Project("{FAE04EC0-301F-11D3-BF4B-00C04F79EFBC}") = "AcDoNetTool", "AcDoNetTool.csproj", "{586867CC-A744-4DA5-91A2-32542D9306B1}"
EndProject
Global
	GlobalSection(SolutionConfigurationPlatforms) = preSolution
		Debug|Any CPU = Debug|Any CPU
		Release|Any CPU = Release|Any CPU
	EndGlobalSection
	GlobalSection(ProjectConfigurationPlatforms) = postSolution
		{586867CC-A744-4DA5-91A2-32542D9306B1}.Debug|Any CPU.ActiveCfg = Debug|Any CPU
		{586867CC-A744-4DA5-91A2-32542D9306B1}.Debug|Any CPU.Build.0 = Debug|Any CPU
		{586867CC-A744-4DA5-91A2-32542D9306B1}.Release|Any CPU.ActiveCfg = Release|Any CPU
		{586867CC-A744-4DA5-91A2-32542D9306B1}.Release|Any CPU.Build.0 = Release|Any CPU
	EndGlobalSection
	GlobalSection(SolutionProperties) = preSolution
		HideSolutionNode = FALSE
	EndGlobalSection
	GlobalSection(ExtensibilityGlobals) = postSolution
		SolutionGuid = {D07AEDC8-F680-4BFC-84B5-FDF8492DE5BD}
	EndGlobalSection
EndGlobal
